
Microsoft Visual Studio Solution File, Format Version 12.00
# Visual Studio Version 16
VisualStudioVersion = 16.0.31727.386
MinimumVisualStudioVersion = 10.0.40219.1
Project("{9A19103F-16F7-4668-BE54-9A1E7A4F7556}") = "Metro1", "Metro1.csproj", "{AC178B87-50E1-4E85-A2EC-7E6D446FB37C}"
EndProject
Global
	GlobalSection(SolutionConfigurationPlatforms) = preSolution
		Debug|Any CPU = Debug|Any CPU
		Release|Any CPU = Release|Any CPU
	EndGlobalSection
	GlobalSection(ProjectConfigurationPlatforms) = postSolution
		{AC178B87-50E1-4E85-A2EC-7E6D446FB37C}.Debug|Any CPU.ActiveCfg = Debug|Any CPU
		{AC178B87-50E1-4E85-A2EC-7E6D446FB37C}.Debug|Any CPU.Build.0 = Debug|Any CPU
		{AC178B87-50E1-4E85-A2EC-7E6D446FB37C}.Release|Any CPU.ActiveCfg = Release|Any CPU
		{AC178B87-50E1-4E85-A2EC-7E6D446FB37C}.Release|Any CPU.Build.0 = Release|Any CPU
	EndGlobalSection
	GlobalSection(SolutionProperties) = preSolution
		HideSolutionNode = FALSE
	EndGlobalSection
	GlobalSection(ExtensibilityGlobals) = postSolution
		SolutionGuid = {325F8BB2-5738-4523-B03F-5A9A0ACB60C5}
	EndGlobalSection
EndGlobal
