
Microsoft Visual Studio Solution File, Format Version 12.00
# Blend for Visual Studio Version 17
VisualStudioVersion = 17.0.32014.148
MinimumVisualStudioVersion = 10.0.40219.1
Project("{FAE04EC0-301F-11D3-BF4B-00C04F79EFBC}") = "WPF3", "WPF3.csproj", "{99E5AC23-6D0F-4EA2-93B2-93F5FF956918}"
EndProject
Global
	GlobalSection(SolutionConfigurationPlatforms) = preSolution
		Debug|Any CPU = Debug|Any CPU
		Release|Any CPU = Release|Any CPU
	EndGlobalSection
	GlobalSection(ProjectConfigurationPlatforms) = postSolution
		{99E5AC23-6D0F-4EA2-93B2-93F5FF956918}.Debug|Any CPU.ActiveCfg = Debug|Any CPU
		{99E5AC23-6D0F-4EA2-93B2-93F5FF956918}.Debug|Any CPU.Build.0 = Debug|Any CPU
		{99E5AC23-6D0F-4EA2-93B2-93F5FF956918}.Release|Any CPU.ActiveCfg = Release|Any CPU
		{99E5AC23-6D0F-4EA2-93B2-93F5FF956918}.Release|Any CPU.Build.0 = Release|Any CPU
	EndGlobalSection
	GlobalSection(SolutionProperties) = preSolution
		HideSolutionNode = FALSE
	EndGlobalSection
	GlobalSection(ExtensibilityGlobals) = postSolution
		SolutionGuid = {22D32F5D-8BA3-48F2-9F60-A94E28807FC9}
	EndGlobalSection
EndGlobal
